// !$*UTF8*$!
{
	archiveVersion = 1;
	classes = {
	};
	objectVersion = 56;
	objects = {

/* Begin PBXBuildFile section */
		EB13233E2BDAF48300E3B901 /* RoveTravelUITestsLaunchTests.swift in Sources */ = {isa = PBXBuildFile; fileRef = EB13233D2BDAF48300E3B901 /* RoveTravelUITestsLaunchTests.swift */; };
		EB1323472BDAFD2000E3B901 /* MainViewUITests.swift in Sources */ = {isa = PBXBuildFile; fileRef = EB1323462BDAFD2000E3B901 /* MainViewUITests.swift */; };
		EB13234F2BDB024000E3B901 /* RoveTravelTests.swift in Sources */ = {isa = PBXBuildFile; fileRef = EB13234E2BDB024000E3B901 /* RoveTravelTests.swift */; };
		EB40A7752BDAD6820049A659 /* RoveTravelApp.swift in Sources */ = {isa = PBXBuildFile; fileRef = EB40A7742BDAD6820049A659 /* RoveTravelApp.swift */; };
		EB40A7772BDAD6820049A659 /* ContentView.swift in Sources */ = {isa = PBXBuildFile; fileRef = EB40A7762BDAD6820049A659 /* ContentView.swift */; };
		EB40A7792BDAD6830049A659 /* Assets.xcassets in Resources */ = {isa = PBXBuildFile; fileRef = EB40A7782BDAD6830049A659 /* Assets.xcassets */; };
		EB40A77C2BDAD6830049A659 /* Preview Assets.xcassets in Resources */ = {isa = PBXBuildFile; fileRef = EB40A77B2BDAD6830049A659 /* Preview Assets.xcassets */; };
		EB40A7862BDAD70A0049A659 /* Destination.swift in Sources */ = {isa = PBXBuildFile; fileRef = EB40A7852BDAD70A0049A659 /* Destination.swift */; };
		EB40A7882BDAD7180049A659 /* TimeResults.swift in Sources */ = {isa = PBXBuildFile; fileRef = EB40A7872BDAD7180049A659 /* TimeResults.swift */; };
		EB40A78A2BDAD7250049A659 /* CurrencyResults.swift in Sources */ = {isa = PBXBuildFile; fileRef = EB40A7892BDAD7250049A659 /* CurrencyResults.swift */; };
		EB40A78C2BDAD73E0049A659 /* NewsResults.swift in Sources */ = {isa = PBXBuildFile; fileRef = EB40A78B2BDAD73E0049A659 /* NewsResults.swift */; };
		EB40A78E2BDAD75C0049A659 /* News-Info.plist in Resources */ = {isa = PBXBuildFile; fileRef = EB40A78D2BDAD75C0049A659 /* News-Info.plist */; };
		EB40A7902BDAD76B0049A659 /* Currency-Info.plist in Resources */ = {isa = PBXBuildFile; fileRef = EB40A78F2BDAD76B0049A659 /* Currency-Info.plist */; };
		EB40A7922BDAD7B70049A659 /* TimeManager.swift in Sources */ = {isa = PBXBuildFile; fileRef = EB40A7912BDAD7B70049A659 /* TimeManager.swift */; };
		EB40A7952BDAD7D20049A659 /* CurrencyManager.swift in Sources */ = {isa = PBXBuildFile; fileRef = EB40A7942BDAD7D20049A659 /* CurrencyManager.swift */; };
		EB40A7972BDAD7D80049A659 /* NewsManager.swift in Sources */ = {isa = PBXBuildFile; fileRef = EB40A7962BDAD7D80049A659 /* NewsManager.swift */; };
		EB40A7992BDAD7E20049A659 /* TripPlannerItem.swift in Sources */ = {isa = PBXBuildFile; fileRef = EB40A7982BDAD7E20049A659 /* TripPlannerItem.swift */; };
		EB40A79B2BDAD7F70049A659 /* TripPlannerManager.swift in Sources */ = {isa = PBXBuildFile; fileRef = EB40A79A2BDAD7F70049A659 /* TripPlannerManager.swift */; };
		EB40A79E2BDAD83F0049A659 /* DestinationRow.swift in Sources */ = {isa = PBXBuildFile; fileRef = EB40A79D2BDAD83F0049A659 /* DestinationRow.swift */; };
		EB40A7A02BDAD84C0049A659 /* DestinationPortalView.swift in Sources */ = {isa = PBXBuildFile; fileRef = EB40A79F2BDAD84C0049A659 /* DestinationPortalView.swift */; };
		EB40A7A22BDAD8560049A659 /* SnapshotView.swift in Sources */ = {isa = PBXBuildFile; fileRef = EB40A7A12BDAD8560049A659 /* SnapshotView.swift */; };
		EB40A7A42BDAD85F0049A659 /* TimeWidgetView.swift in Sources */ = {isa = PBXBuildFile; fileRef = EB40A7A32BDAD85F0049A659 /* TimeWidgetView.swift */; };
		EB40A7A62BDAD8690049A659 /* CurrencyWidgetView.swift in Sources */ = {isa = PBXBuildFile; fileRef = EB40A7A52BDAD8690049A659 /* CurrencyWidgetView.swift */; };
		EB40A7A82BDAD87C0049A659 /* NewsView.swift in Sources */ = {isa = PBXBuildFile; fileRef = EB40A7A72BDAD87C0049A659 /* NewsView.swift */; };
		EB40A7AA2BDAD8860049A659 /* NewsDetailView.swift in Sources */ = {isa = PBXBuildFile; fileRef = EB40A7A92BDAD8860049A659 /* NewsDetailView.swift */; };
		EB40A7AC2BDAD8930049A659 /* TripPlannerView.swift in Sources */ = {isa = PBXBuildFile; fileRef = EB40A7AB2BDAD8930049A659 /* TripPlannerView.swift */; };
		EB40A7AE2BDAD89D0049A659 /* RowView.swift in Sources */ = {isa = PBXBuildFile; fileRef = EB40A7AD2BDAD89D0049A659 /* RowView.swift */; };
		EB40A7B02BDAD8A50049A659 /* NewItemView.swift in Sources */ = {isa = PBXBuildFile; fileRef = EB40A7AF2BDAD8A50049A659 /* NewItemView.swift */; };
		EB40A7B22BDAD8AF0049A659 /* ItemEditingView.swift in Sources */ = {isa = PBXBuildFile; fileRef = EB40A7B12BDAD8AF0049A659 /* ItemEditingView.swift */; };
		EB40A7B42BDAD98E0049A659 /* FileManager.swift in Sources */ = {isa = PBXBuildFile; fileRef = EB40A7B32BDAD98E0049A659 /* FileManager.swift */; };
/* End PBXBuildFile section */

/* Begin PBXContainerItemProxy section */
		EB13233F2BDAF48300E3B901 /* PBXContainerItemProxy */ = {
			isa = PBXContainerItemProxy;
			containerPortal = EB40A7692BDAD6820049A659 /* Project object */;
			proxyType = 1;
			remoteGlobalIDString = EB40A7702BDAD6820049A659;
			remoteInfo = RoveTravel;
		};
		EB1323502BDB024000E3B901 /* PBXContainerItemProxy */ = {
			isa = PBXContainerItemProxy;
			containerPortal = EB40A7692BDAD6820049A659 /* Project object */;
			proxyType = 1;
			remoteGlobalIDString = EB40A7702BDAD6820049A659;
			remoteInfo = RoveTravel;
		};
/* End PBXContainerItemProxy section */

/* Begin PBXFileReference section */
		EB1323392BDAF48300E3B901 /* RoveTravelUITests.xctest */ = {isa = PBXFileReference; explicitFileType = wrapper.cfbundle; includeInIndex = 0; path = RoveTravelUITests.xctest; sourceTree = BUILT_PRODUCTS_DIR; };
		EB13233D2BDAF48300E3B901 /* RoveTravelUITestsLaunchTests.swift */ = {isa = PBXFileReference; lastKnownFileType = sourcecode.swift; path = RoveTravelUITestsLaunchTests.swift; sourceTree = "<group>"; };
		EB1323462BDAFD2000E3B901 /* MainViewUITests.swift */ = {isa = PBXFileReference; lastKnownFileType = sourcecode.swift; name = MainViewUITests.swift; path = RoveTravelUITests/MainViewUITests.swift; sourceTree = SOURCE_ROOT; };
		EB13234C2BDB024000E3B901 /* RoveTravelTests.xctest */ = {isa = PBXFileReference; explicitFileType = wrapper.cfbundle; includeInIndex = 0; path = RoveTravelTests.xctest; sourceTree = BUILT_PRODUCTS_DIR; };
		EB13234E2BDB024000E3B901 /* RoveTravelTests.swift */ = {isa = PBXFileReference; lastKnownFileType = sourcecode.swift; path = RoveTravelTests.swift; sourceTree = "<group>"; };
		EB40A7712BDAD6820049A659 /* RoveTravel.app */ = {isa = PBXFileReference; explicitFileType = wrapper.application; includeInIndex = 0; path = RoveTravel.app; sourceTree = BUILT_PRODUCTS_DIR; };
		EB40A7742BDAD6820049A659 /* RoveTravelApp.swift */ = {isa = PBXFileReference; lastKnownFileType = sourcecode.swift; path = RoveTravelApp.swift; sourceTree = "<group>"; };
		EB40A7762BDAD6820049A659 /* ContentView.swift */ = {isa = PBXFileReference; lastKnownFileType = sourcecode.swift; path = ContentView.swift; sourceTree = "<group>"; };
		EB40A7782BDAD6830049A659 /* Assets.xcassets */ = {isa = PBXFileReference; lastKnownFileType = folder.assetcatalog; path = Assets.xcassets; sourceTree = "<group>"; };
		EB40A77B2BDAD6830049A659 /* Preview Assets.xcassets */ = {isa = PBXFileReference; lastKnownFileType = folder.assetcatalog; path = "Preview Assets.xcassets"; sourceTree = "<group>"; };
		EB40A7852BDAD70A0049A659 /* Destination.swift */ = {isa = PBXFileReference; lastKnownFileType = sourcecode.swift; path = Destination.swift; sourceTree = "<group>"; };
		EB40A7872BDAD7180049A659 /* TimeResults.swift */ = {isa = PBXFileReference; lastKnownFileType = sourcecode.swift; path = TimeResults.swift; sourceTree = "<group>"; };
		EB40A7892BDAD7250049A659 /* CurrencyResults.swift */ = {isa = PBXFileReference; lastKnownFileType = sourcecode.swift; path = CurrencyResults.swift; sourceTree = "<group>"; };
		EB40A78B2BDAD73E0049A659 /* NewsResults.swift */ = {isa = PBXFileReference; lastKnownFileType = sourcecode.swift; path = NewsResults.swift; sourceTree = "<group>"; };
		EB40A78D2BDAD75C0049A659 /* News-Info.plist */ = {isa = PBXFileReference; lastKnownFileType = text.plist.xml; path = "News-Info.plist"; sourceTree = "<group>"; };
		EB40A78F2BDAD76B0049A659 /* Currency-Info.plist */ = {isa = PBXFileReference; lastKnownFileType = text.plist.xml; path = "Currency-Info.plist"; sourceTree = "<group>"; };
		EB40A7912BDAD7B70049A659 /* TimeManager.swift */ = {isa = PBXFileReference; lastKnownFileType = sourcecode.swift; path = TimeManager.swift; sourceTree = "<group>"; };
		EB40A7942BDAD7D20049A659 /* CurrencyManager.swift */ = {isa = PBXFileReference; lastKnownFileType = sourcecode.swift; path = CurrencyManager.swift; sourceTree = "<group>"; };
		EB40A7962BDAD7D80049A659 /* NewsManager.swift */ = {isa = PBXFileReference; lastKnownFileType = sourcecode.swift; path = NewsManager.swift; sourceTree = "<group>"; };
		EB40A7982BDAD7E20049A659 /* TripPlannerItem.swift */ = {isa = PBXFileReference; lastKnownFileType = sourcecode.swift; path = TripPlannerItem.swift; sourceTree = "<group>"; };
		EB40A79A2BDAD7F70049A659 /* TripPlannerManager.swift */ = {isa = PBXFileReference; lastKnownFileType = sourcecode.swift; path = TripPlannerManager.swift; sourceTree = "<group>"; };
		EB40A79D2BDAD83F0049A659 /* DestinationRow.swift */ = {isa = PBXFileReference; lastKnownFileType = sourcecode.swift; path = DestinationRow.swift; sourceTree = "<group>"; };
		EB40A79F2BDAD84C0049A659 /* DestinationPortalView.swift */ = {isa = PBXFileReference; lastKnownFileType = sourcecode.swift; path = DestinationPortalView.swift; sourceTree = "<group>"; };
		EB40A7A12BDAD8560049A659 /* SnapshotView.swift */ = {isa = PBXFileReference; lastKnownFileType = sourcecode.swift; path = SnapshotView.swift; sourceTree = "<group>"; };
		EB40A7A32BDAD85F0049A659 /* TimeWidgetView.swift */ = {isa = PBXFileReference; lastKnownFileType = sourcecode.swift; path = TimeWidgetView.swift; sourceTree = "<group>"; };
		EB40A7A52BDAD8690049A659 /* CurrencyWidgetView.swift */ = {isa = PBXFileReference; lastKnownFileType = sourcecode.swift; path = CurrencyWidgetView.swift; sourceTree = "<group>"; };
		EB40A7A72BDAD87C0049A659 /* NewsView.swift */ = {isa = PBXFileReference; lastKnownFileType = sourcecode.swift; path = NewsView.swift; sourceTree = "<group>"; };
		EB40A7A92BDAD8860049A659 /* NewsDetailView.swift */ = {isa = PBXFileReference; lastKnownFileType = sourcecode.swift; path = NewsDetailView.swift; sourceTree = "<group>"; };
		EB40A7AB2BDAD8930049A659 /* TripPlannerView.swift */ = {isa = PBXFileReference; lastKnownFileType = sourcecode.swift; path = TripPlannerView.swift; sourceTree = "<group>"; };
		EB40A7AD2BDAD89D0049A659 /* RowView.swift */ = {isa = PBXFileReference; lastKnownFileType = sourcecode.swift; path = RowView.swift; sourceTree = "<group>"; };
		EB40A7AF2BDAD8A50049A659 /* NewItemView.swift */ = {isa = PBXFileReference; lastKnownFileType = sourcecode.swift; path = NewItemView.swift; sourceTree = "<group>"; };
		EB40A7B12BDAD8AF0049A659 /* ItemEditingView.swift */ = {isa = PBXFileReference; lastKnownFileType = sourcecode.swift; path = ItemEditingView.swift; sourceTree = "<group>"; };
		EB40A7B32BDAD98E0049A659 /* FileManager.swift */ = {isa = PBXFileReference; lastKnownFileType = sourcecode.swift; path = FileManager.swift; sourceTree = "<group>"; };
		EB40A7B52BDADF990049A659 /* Info.plist */ = {isa = PBXFileReference; lastKnownFileType = text.plist; path = Info.plist; sourceTree = "<group>"; };
/* End PBXFileReference section */

/* Begin PBXFrameworksBuildPhase section */
		EB1323362BDAF48300E3B901 /* Frameworks */ = {
			isa = PBXFrameworksBuildPhase;
			buildActionMask = 2147483647;
			files = (
			);
			runOnlyForDeploymentPostprocessing = 0;
		};
		EB1323492BDB024000E3B901 /* Frameworks */ = {
			isa = PBXFrameworksBuildPhase;
			buildActionMask = 2147483647;
			files = (
			);
			runOnlyForDeploymentPostprocessing = 0;
		};
		EB40A76E2BDAD6820049A659 /* Frameworks */ = {
			isa = PBXFrameworksBuildPhase;
			buildActionMask = 2147483647;
			files = (
			);
			runOnlyForDeploymentPostprocessing = 0;
		};
/* End PBXFrameworksBuildPhase section */

/* Begin PBXGroup section */
		EB13233A2BDAF48300E3B901 /* RoveTravelUITests */ = {
			isa = PBXGroup;
			children = (
				EB1323462BDAFD2000E3B901 /* MainViewUITests.swift */,
				EB13233D2BDAF48300E3B901 /* RoveTravelUITestsLaunchTests.swift */,
			);
			path = RoveTravelUITests;
			sourceTree = "<group>";
		};
		EB13234D2BDB024000E3B901 /* RoveTravelTests */ = {
			isa = PBXGroup;
			children = (
				EB13234E2BDB024000E3B901 /* RoveTravelTests.swift */,
			);
			path = RoveTravelTests;
			sourceTree = "<group>";
		};
		EB40A7682BDAD6820049A659 = {
			isa = PBXGroup;
			children = (
				EB40A7732BDAD6820049A659 /* RoveTravel */,
				EB13233A2BDAF48300E3B901 /* RoveTravelUITests */,
				EB13234D2BDB024000E3B901 /* RoveTravelTests */,
				EB40A7722BDAD6820049A659 /* Products */,
			);
			sourceTree = "<group>";
		};
		EB40A7722BDAD6820049A659 /* Products */ = {
			isa = PBXGroup;
			children = (
				EB40A7712BDAD6820049A659 /* RoveTravel.app */,
				EB1323392BDAF48300E3B901 /* RoveTravelUITests.xctest */,
				EB13234C2BDB024000E3B901 /* RoveTravelTests.xctest */,
			);
			name = Products;
			sourceTree = "<group>";
		};
		EB40A7732BDAD6820049A659 /* RoveTravel */ = {
			isa = PBXGroup;
			children = (
				EB40A7B52BDADF990049A659 /* Info.plist */,
				EB40A7742BDAD6820049A659 /* RoveTravelApp.swift */,
				EB40A79C2BDAD8300049A659 /* Views */,
				EB40A7932BDAD7C20049A659 /* Models */,
				EB40A7842BDAD6F30049A659 /* Resources */,
				EB40A77A2BDAD6830049A659 /* Preview Content */,
			);
			path = RoveTravel;
			sourceTree = "<group>";
		};
		EB40A77A2BDAD6830049A659 /* Preview Content */ = {
			isa = PBXGroup;
			children = (
				EB40A77B2BDAD6830049A659 /* Preview Assets.xcassets */,
				EB40A7B32BDAD98E0049A659 /* FileManager.swift */,
			);
			path = "Preview Content";
			sourceTree = "<group>";
		};
		EB40A7842BDAD6F30049A659 /* Resources */ = {
			isa = PBXGroup;
			children = (
				EB40A7852BDAD70A0049A659 /* Destination.swift */,
				EB40A7872BDAD7180049A659 /* TimeResults.swift */,
				EB40A7892BDAD7250049A659 /* CurrencyResults.swift */,
				EB40A78B2BDAD73E0049A659 /* NewsResults.swift */,
				EB40A7982BDAD7E20049A659 /* TripPlannerItem.swift */,
				EB40A78D2BDAD75C0049A659 /* News-Info.plist */,
				EB40A78F2BDAD76B0049A659 /* Currency-Info.plist */,
				EB40A7782BDAD6830049A659 /* Assets.xcassets */,
			);
			path = Resources;
			sourceTree = "<group>";
		};
		EB40A7932BDAD7C20049A659 /* Models */ = {
			isa = PBXGroup;
			children = (
				EB40A7912BDAD7B70049A659 /* TimeManager.swift */,
				EB40A7942BDAD7D20049A659 /* CurrencyManager.swift */,
				EB40A7962BDAD7D80049A659 /* NewsManager.swift */,
				EB40A79A2BDAD7F70049A659 /* TripPlannerManager.swift */,
			);
			path = Models;
			sourceTree = "<group>";
		};
		EB40A79C2BDAD8300049A659 /* Views */ = {
			isa = PBXGroup;
			children = (
				EB40A7762BDAD6820049A659 /* ContentView.swift */,
				EB40A79D2BDAD83F0049A659 /* DestinationRow.swift */,
				EB40A79F2BDAD84C0049A659 /* DestinationPortalView.swift */,
				EB40A7A12BDAD8560049A659 /* SnapshotView.swift */,
				EB40A7A32BDAD85F0049A659 /* TimeWidgetView.swift */,
				EB40A7A52BDAD8690049A659 /* CurrencyWidgetView.swift */,
				EB40A7A72BDAD87C0049A659 /* NewsView.swift */,
				EB40A7A92BDAD8860049A659 /* NewsDetailView.swift */,
				EB40A7AB2BDAD8930049A659 /* TripPlannerView.swift */,
				EB40A7AD2BDAD89D0049A659 /* RowView.swift */,
				EB40A7AF2BDAD8A50049A659 /* NewItemView.swift */,
				EB40A7B12BDAD8AF0049A659 /* ItemEditingView.swift */,
			);
			path = Views;
			sourceTree = "<group>";
		};
/* End PBXGroup section */

/* Begin PBXNativeTarget section */
		EB1323382BDAF48300E3B901 /* RoveTravelUITests */ = {
			isa = PBXNativeTarget;
			buildConfigurationList = EB1323412BDAF48300E3B901 /* Build configuration list for PBXNativeTarget "RoveTravelUITests" */;
			buildPhases = (
				EB1323352BDAF48300E3B901 /* Sources */,
				EB1323362BDAF48300E3B901 /* Frameworks */,
				EB1323372BDAF48300E3B901 /* Resources */,
			);
			buildRules = (
			);
			dependencies = (
				EB1323402BDAF48300E3B901 /* PBXTargetDependency */,
			);
			name = RoveTravelUITests;
			productName = RoveTravelUITests;
			productReference = EB1323392BDAF48300E3B901 /* RoveTravelUITests.xctest */;
			productType = "com.apple.product-type.bundle.ui-testing";
		};
		EB13234B2BDB024000E3B901 /* RoveTravelTests */ = {
			isa = PBXNativeTarget;
			buildConfigurationList = EB1323542BDB024100E3B901 /* Build configuration list for PBXNativeTarget "RoveTravelTests" */;
			buildPhases = (
				EB1323482BDB024000E3B901 /* Sources */,
				EB1323492BDB024000E3B901 /* Frameworks */,
				EB13234A2BDB024000E3B901 /* Resources */,
			);
			buildRules = (
			);
			dependencies = (
				EB1323512BDB024000E3B901 /* PBXTargetDependency */,
			);
			name = RoveTravelTests;
			productName = RoveTravelTests;
			productReference = EB13234C2BDB024000E3B901 /* RoveTravelTests.xctest */;
			productType = "com.apple.product-type.bundle.unit-test";
		};
		EB40A7702BDAD6820049A659 /* RoveTravel */ = {
			isa = PBXNativeTarget;
			buildConfigurationList = EB40A77F2BDAD6830049A659 /* Build configuration list for PBXNativeTarget "RoveTravel" */;
			buildPhases = (
				EB1323312BDAE04F00E3B901 /* ShellScript */,
				EB40A76D2BDAD6820049A659 /* Sources */,
				EB40A76E2BDAD6820049A659 /* Frameworks */,
				EB40A76F2BDAD6820049A659 /* Resources */,
			);
			buildRules = (
			);
			dependencies = (
			);
			name = RoveTravel;
			productName = RoveTravel;
			productReference = EB40A7712BDAD6820049A659 /* RoveTravel.app */;
			productType = "com.apple.product-type.application";
		};
/* End PBXNativeTarget section */

/* Begin PBXProject section */
		EB40A7692BDAD6820049A659 /* Project object */ = {
			isa = PBXProject;
			attributes = {
				BuildIndependentTargetsInParallel = 1;
				LastSwiftUpdateCheck = 1520;
				LastUpgradeCheck = 1520;
				TargetAttributes = {
					EB1323382BDAF48300E3B901 = {
						CreatedOnToolsVersion = 15.2;
						TestTargetID = EB40A7702BDAD6820049A659;
					};
					EB13234B2BDB024000E3B901 = {
						CreatedOnToolsVersion = 15.2;
						TestTargetID = EB40A7702BDAD6820049A659;
					};
					EB40A7702BDAD6820049A659 = {
						CreatedOnToolsVersion = 15.2;
					};
				};
			};
			buildConfigurationList = EB40A76C2BDAD6820049A659 /* Build configuration list for PBXProject "RoveTravel" */;
			compatibilityVersion = "Xcode 14.0";
			developmentRegion = en;
			hasScannedForEncodings = 0;
			knownRegions = (
				en,
				Base,
			);
			mainGroup = EB40A7682BDAD6820049A659;
			productRefGroup = EB40A7722BDAD6820049A659 /* Products */;
			projectDirPath = "";
			projectRoot = "";
			targets = (
				EB40A7702BDAD6820049A659 /* RoveTravel */,
				EB1323382BDAF48300E3B901 /* RoveTravelUITests */,
				EB13234B2BDB024000E3B901 /* RoveTravelTests */,
			);
		};
/* End PBXProject section */

/* Begin PBXResourcesBuildPhase section */
		EB1323372BDAF48300E3B901 /* Resources */ = {
			isa = PBXResourcesBuildPhase;
			buildActionMask = 2147483647;
			files = (
			);
			runOnlyForDeploymentPostprocessing = 0;
		};
		EB13234A2BDB024000E3B901 /* Resources */ = {
			isa = PBXResourcesBuildPhase;
			buildActionMask = 2147483647;
			files = (
			);
			runOnlyForDeploymentPostprocessing = 0;
		};
		EB40A76F2BDAD6820049A659 /* Resources */ = {
			isa = PBXResourcesBuildPhase;
			buildActionMask = 2147483647;
			files = (
				EB40A77C2BDAD6830049A659 /* Preview Assets.xcassets in Resources */,
				EB40A7902BDAD76B0049A659 /* Currency-Info.plist in Resources */,
				EB40A78E2BDAD75C0049A659 /* News-Info.plist in Resources */,
				EB40A7792BDAD6830049A659 /* Assets.xcassets in Resources */,
			);
			runOnlyForDeploymentPostprocessing = 0;
		};
/* End PBXResourcesBuildPhase section */

/* Begin PBXShellScriptBuildPhase section */
		EB1323312BDAE04F00E3B901 /* ShellScript */ = {
			isa = PBXShellScriptBuildPhase;
			alwaysOutOfDate = 1;
			buildActionMask = 2147483647;
			files = (
			);
			inputFileListPaths = (
			);
			inputPaths = (
			);
			outputFileListPaths = (
			);
			outputPaths = (
			);
			runOnlyForDeploymentPostprocessing = 0;
			shellPath = /bin/sh;
			shellScript = "if [[ \"$(uname -m)\" == arm64 ]]; then\n    export PATH=\"/opt/homebrew/bin:$PATH\"\nfi\n\nif which swiftlint > /dev/null; then\n  swiftlint\nelse\n  echo \"warning: SwiftLint not installed, download from https://github.com/realm/SwiftLint\"\nfi\n";
		};
/* End PBXShellScriptBuildPhase section */

/* Begin PBXSourcesBuildPhase section */
		EB1323352BDAF48300E3B901 /* Sources */ = {
			isa = PBXSourcesBuildPhase;
			buildActionMask = 2147483647;
			files = (
				EB13233E2BDAF48300E3B901 /* RoveTravelUITestsLaunchTests.swift in Sources */,
				EB1323472BDAFD2000E3B901 /* MainViewUITests.swift in Sources */,
			);
			runOnlyForDeploymentPostprocessing = 0;
		};
		EB1323482BDB024000E3B901 /* Sources */ = {
			isa = PBXSourcesBuildPhase;
			buildActionMask = 2147483647;
			files = (
				EB13234F2BDB024000E3B901 /* RoveTravelTests.swift in Sources */,
			);
			runOnlyForDeploymentPostprocessing = 0;
		};
		EB40A76D2BDAD6820049A659 /* Sources */ = {
			isa = PBXSourcesBuildPhase;
			buildActionMask = 2147483647;
			files = (
				EB40A7B22BDAD8AF0049A659 /* ItemEditingView.swift in Sources */,
				EB40A7A22BDAD8560049A659 /* SnapshotView.swift in Sources */,
				EB40A7772BDAD6820049A659 /* ContentView.swift in Sources */,
				EB40A7A02BDAD84C0049A659 /* DestinationPortalView.swift in Sources */,
				EB40A79B2BDAD7F70049A659 /* TripPlannerManager.swift in Sources */,
				EB40A7972BDAD7D80049A659 /* NewsManager.swift in Sources */,
				EB40A7A82BDAD87C0049A659 /* NewsView.swift in Sources */,
				EB40A7882BDAD7180049A659 /* TimeResults.swift in Sources */,
				EB40A7922BDAD7B70049A659 /* TimeManager.swift in Sources */,
				EB40A7B42BDAD98E0049A659 /* FileManager.swift in Sources */,
				EB40A79E2BDAD83F0049A659 /* DestinationRow.swift in Sources */,
				EB40A7B02BDAD8A50049A659 /* NewItemView.swift in Sources */,
				EB40A78A2BDAD7250049A659 /* CurrencyResults.swift in Sources */,
				EB40A7AA2BDAD8860049A659 /* NewsDetailView.swift in Sources */,
				EB40A7AE2BDAD89D0049A659 /* RowView.swift in Sources */,
				EB40A7752BDAD6820049A659 /* RoveTravelApp.swift in Sources */,
				EB40A7862BDAD70A0049A659 /* Destination.swift in Sources */,
				EB40A7952BDAD7D20049A659 /* CurrencyManager.swift in Sources */,
				EB40A7992BDAD7E20049A659 /* TripPlannerItem.swift in Sources */,
				EB40A7A62BDAD8690049A659 /* CurrencyWidgetView.swift in Sources */,
				EB40A7AC2BDAD8930049A659 /* TripPlannerView.swift in Sources */,
				EB40A7A42BDAD85F0049A659 /* TimeWidgetView.swift in Sources */,
				EB40A78C2BDAD73E0049A659 /* NewsResults.swift in Sources */,
			);
			runOnlyForDeploymentPostprocessing = 0;
		};
/* End PBXSourcesBuildPhase section */

/* Begin PBXTargetDependency section */
		EB1323402BDAF48300E3B901 /* PBXTargetDependency */ = {
			isa = PBXTargetDependency;
			target = EB40A7702BDAD6820049A659 /* RoveTravel */;
			targetProxy = EB13233F2BDAF48300E3B901 /* PBXContainerItemProxy */;
		};
		EB1323512BDB024000E3B901 /* PBXTargetDependency */ = {
			isa = PBXTargetDependency;
			target = EB40A7702BDAD6820049A659 /* RoveTravel */;
			targetProxy = EB1323502BDB024000E3B901 /* PBXContainerItemProxy */;
		};
/* End PBXTargetDependency section */

/* Begin XCBuildConfiguration section */
		EB1323422BDAF48300E3B901 /* Debug */ = {
			isa = XCBuildConfiguration;
			buildSettings = {
				CODE_SIGN_STYLE = Automatic;
				CURRENT_PROJECT_VERSION = 1;
				DEVELOPMENT_TEAM = 47ARCK7GMK;
				GENERATE_INFOPLIST_FILE = YES;
				IPHONEOS_DEPLOYMENT_TARGET = 17.2;
				MARKETING_VERSION = 1.0;
				PRODUCT_BUNDLE_IDENTIFIER = com.scook.RoveTravelUITests;
				PRODUCT_NAME = "$(TARGET_NAME)";
				SWIFT_EMIT_LOC_STRINGS = NO;
				SWIFT_VERSION = 5.0;
				TARGETED_DEVICE_FAMILY = "1,2";
				TEST_TARGET_NAME = RoveTravel;
			};
			name = Debug;
		};
		EB1323432BDAF48300E3B901 /* Release */ = {
			isa = XCBuildConfiguration;
			buildSettings = {
				CODE_SIGN_STYLE = Automatic;
				CURRENT_PROJECT_VERSION = 1;
				DEVELOPMENT_TEAM = 47ARCK7GMK;
				GENERATE_INFOPLIST_FILE = YES;
				IPHONEOS_DEPLOYMENT_TARGET = 17.2;
				MARKETING_VERSION = 1.0;
				PRODUCT_BUNDLE_IDENTIFIER = com.scook.RoveTravelUITests;
				PRODUCT_NAME = "$(TARGET_NAME)";
				SWIFT_EMIT_LOC_STRINGS = NO;
				SWIFT_VERSION = 5.0;
				TARGETED_DEVICE_FAMILY = "1,2";
				TEST_TARGET_NAME = RoveTravel;
			};
			name = Release;
		};
		EB1323522BDB024100E3B901 /* Debug */ = {
			isa = XCBuildConfiguration;
			buildSettings = {
				BUNDLE_LOADER = "$(TEST_HOST)";
				CODE_SIGN_STYLE = Automatic;
				CURRENT_PROJECT_VERSION = 1;
				DEVELOPMENT_TEAM = 47ARCK7GMK;
				GENERATE_INFOPLIST_FILE = YES;
				IPHONEOS_DEPLOYMENT_TARGET = 17.2;
				MARKETING_VERSION = 1.0;
				PRODUCT_BUNDLE_IDENTIFIER = com.scook.RoveTravelTests;
				PRODUCT_NAME = "$(TARGET_NAME)";
				SWIFT_EMIT_LOC_STRINGS = NO;
				SWIFT_VERSION = 5.0;
				TARGETED_DEVICE_FAMILY = "1,2";
				TEST_HOST = "$(BUILT_PRODUCTS_DIR)/RoveTravel.app/$(BUNDLE_EXECUTABLE_FOLDER_PATH)/RoveTravel";
			};
			name = Debug;
		};
		EB1323532BDB024100E3B901 /* Release */ = {
			isa = XCBuildConfiguration;
			buildSettings = {
				BUNDLE_LOADER = "$(TEST_HOST)";
				CODE_SIGN_STYLE = Automatic;
				CURRENT_PROJECT_VERSION = 1;
				DEVELOPMENT_TEAM = 47ARCK7GMK;
				GENERATE_INFOPLIST_FILE = YES;
				IPHONEOS_DEPLOYMENT_TARGET = 17.2;
				MARKETING_VERSION = 1.0;
				PRODUCT_BUNDLE_IDENTIFIER = com.scook.RoveTravelTests;
				PRODUCT_NAME = "$(TARGET_NAME)";
				SWIFT_EMIT_LOC_STRINGS = NO;
				SWIFT_VERSION = 5.0;
				TARGETED_DEVICE_FAMILY = "1,2";
				TEST_HOST = "$(BUILT_PRODUCTS_DIR)/RoveTravel.app/$(BUNDLE_EXECUTABLE_FOLDER_PATH)/RoveTravel";
			};
			name = Release;
		};
		EB40A77D2BDAD6830049A659 /* Debug */ = {
			isa = XCBuildConfiguration;
			buildSettings = {
				ALWAYS_SEARCH_USER_PATHS = NO;
				ASSETCATALOG_COMPILER_GENERATE_SWIFT_ASSET_SYMBOL_EXTENSIONS = YES;
				CLANG_ANALYZER_NONNULL = YES;
				CLANG_ANALYZER_NUMBER_OBJECT_CONVERSION = YES_AGGRESSIVE;
				CLANG_CXX_LANGUAGE_STANDARD = "gnu++20";
				CLANG_ENABLE_MODULES = YES;
				CLANG_ENABLE_OBJC_ARC = YES;
				CLANG_ENABLE_OBJC_WEAK = YES;
				CLANG_WARN_BLOCK_CAPTURE_AUTORELEASING = YES;
				CLANG_WARN_BOOL_CONVERSION = YES;
				CLANG_WARN_COMMA = YES;
				CLANG_WARN_CONSTANT_CONVERSION = YES;
				CLANG_WARN_DEPRECATED_OBJC_IMPLEMENTATIONS = YES;
				CLANG_WARN_DIRECT_OBJC_ISA_USAGE = YES_ERROR;
				CLANG_WARN_DOCUMENTATION_COMMENTS = YES;
				CLANG_WARN_EMPTY_BODY = YES;
				CLANG_WARN_ENUM_CONVERSION = YES;
				CLANG_WARN_INFINITE_RECURSION = YES;
				CLANG_WARN_INT_CONVERSION = YES;
				CLANG_WARN_NON_LITERAL_NULL_CONVERSION = YES;
				CLANG_WARN_OBJC_IMPLICIT_RETAIN_SELF = YES;
				CLANG_WARN_OBJC_LITERAL_CONVERSION = YES;
				CLANG_WARN_OBJC_ROOT_CLASS = YES_ERROR;
				CLANG_WARN_QUOTED_INCLUDE_IN_FRAMEWORK_HEADER = YES;
				CLANG_WARN_RANGE_LOOP_ANALYSIS = YES;
				CLANG_WARN_STRICT_PROTOTYPES = YES;
				CLANG_WARN_SUSPICIOUS_MOVE = YES;
				CLANG_WARN_UNGUARDED_AVAILABILITY = YES_AGGRESSIVE;
				CLANG_WARN_UNREACHABLE_CODE = YES;
				CLANG_WARN__DUPLICATE_METHOD_MATCH = YES;
				COPY_PHASE_STRIP = NO;
				DEBUG_INFORMATION_FORMAT = dwarf;
				ENABLE_STRICT_OBJC_MSGSEND = YES;
				ENABLE_TESTABILITY = YES;
				ENABLE_USER_SCRIPT_SANDBOXING = YES;
				GCC_C_LANGUAGE_STANDARD = gnu17;
				GCC_DYNAMIC_NO_PIC = NO;
				GCC_NO_COMMON_BLOCKS = YES;
				GCC_OPTIMIZATION_LEVEL = 0;
				GCC_PREPROCESSOR_DEFINITIONS = (
					"DEBUG=1",
					"$(inherited)",
				);
				GCC_WARN_64_TO_32_BIT_CONVERSION = YES;
				GCC_WARN_ABOUT_RETURN_TYPE = YES_ERROR;
				GCC_WARN_UNDECLARED_SELECTOR = YES;
				GCC_WARN_UNINITIALIZED_AUTOS = YES_AGGRESSIVE;
				GCC_WARN_UNUSED_FUNCTION = YES;
				GCC_WARN_UNUSED_VARIABLE = YES;
				IPHONEOS_DEPLOYMENT_TARGET = 17.0;
				LOCALIZATION_PREFERS_STRING_CATALOGS = YES;
				MTL_ENABLE_DEBUG_INFO = INCLUDE_SOURCE;
				MTL_FAST_MATH = YES;
				ONLY_ACTIVE_ARCH = YES;
				SDKROOT = iphoneos;
				SWIFT_ACTIVE_COMPILATION_CONDITIONS = "DEBUG $(inherited)";
				SWIFT_OPTIMIZATION_LEVEL = "-Onone";
			};
			name = Debug;
		};
		EB40A77E2BDAD6830049A659 /* Release */ = {
			isa = XCBuildConfiguration;
			buildSettings = {
				ALWAYS_SEARCH_USER_PATHS = NO;
				ASSETCATALOG_COMPILER_GENERATE_SWIFT_ASSET_SYMBOL_EXTENSIONS = YES;
				CLANG_ANALYZER_NONNULL = YES;
				CLANG_ANALYZER_NUMBER_OBJECT_CONVERSION = YES_AGGRESSIVE;
				CLANG_CXX_LANGUAGE_STANDARD = "gnu++20";
				CLANG_ENABLE_MODULES = YES;
				CLANG_ENABLE_OBJC_ARC = YES;
				CLANG_ENABLE_OBJC_WEAK = YES;
				CLANG_WARN_BLOCK_CAPTURE_AUTORELEASING = YES;
				CLANG_WARN_BOOL_CONVERSION = YES;
				CLANG_WARN_COMMA = YES;
				CLANG_WARN_CONSTANT_CONVERSION = YES;
				CLANG_WARN_DEPRECATED_OBJC_IMPLEMENTATIONS = YES;
				CLANG_WARN_DIRECT_OBJC_ISA_USAGE = YES_ERROR;
				CLANG_WARN_DOCUMENTATION_COMMENTS = YES;
				CLANG_WARN_EMPTY_BODY = YES;
				CLANG_WARN_ENUM_CONVERSION = YES;
				CLANG_WARN_INFINITE_RECURSION = YES;
				CLANG_WARN_INT_CONVERSION = YES;
				CLANG_WARN_NON_LITERAL_NULL_CONVERSION = YES;
				CLANG_WARN_OBJC_IMPLICIT_RETAIN_SELF = YES;
				CLANG_WARN_OBJC_LITERAL_CONVERSION = YES;
				CLANG_WARN_OBJC_ROOT_CLASS = YES_ERROR;
				CLANG_WARN_QUOTED_INCLUDE_IN_FRAMEWORK_HEADER = YES;
				CLANG_WARN_RANGE_LOOP_ANALYSIS = YES;
				CLANG_WARN_STRICT_PROTOTYPES = YES;
				CLANG_WARN_SUSPICIOUS_MOVE = YES;
				CLANG_WARN_UNGUARDED_AVAILABILITY = YES_AGGRESSIVE;
				CLANG_WARN_UNREACHABLE_CODE = YES;
				CLANG_WARN__DUPLICATE_METHOD_MATCH = YES;
				COPY_PHASE_STRIP = NO;
				DEBUG_INFORMATION_FORMAT = "dwarf-with-dsym";
				ENABLE_NS_ASSERTIONS = NO;
				ENABLE_STRICT_OBJC_MSGSEND = YES;
				ENABLE_USER_SCRIPT_SANDBOXING = YES;
				GCC_C_LANGUAGE_STANDARD = gnu17;
				GCC_NO_COMMON_BLOCKS = YES;
				GCC_WARN_64_TO_32_BIT_CONVERSION = YES;
				GCC_WARN_ABOUT_RETURN_TYPE = YES_ERROR;
				GCC_WARN_UNDECLARED_SELECTOR = YES;
				GCC_WARN_UNINITIALIZED_AUTOS = YES_AGGRESSIVE;
				GCC_WARN_UNUSED_FUNCTION = YES;
				GCC_WARN_UNUSED_VARIABLE = YES;
				IPHONEOS_DEPLOYMENT_TARGET = 17.0;
				LOCALIZATION_PREFERS_STRING_CATALOGS = YES;
				MTL_ENABLE_DEBUG_INFO = NO;
				MTL_FAST_MATH = YES;
				SDKROOT = iphoneos;
				SWIFT_COMPILATION_MODE = wholemodule;
				VALIDATE_PRODUCT = YES;
			};
			name = Release;
		};
		EB40A7802BDAD6830049A659 /* Debug */ = {
			isa = XCBuildConfiguration;
			buildSettings = {
				ASSETCATALOG_COMPILER_APPICON_NAME = AppIcon;
				ASSETCATALOG_COMPILER_GLOBAL_ACCENT_COLOR_NAME = AccentColor;
				CODE_SIGN_STYLE = Automatic;
				CURRENT_PROJECT_VERSION = 1;
				DEVELOPMENT_ASSET_PATHS = "\"RoveTravel/Preview Content\"";
				DEVELOPMENT_TEAM = 47ARCK7GMK;
				ENABLE_PREVIEWS = YES;
				ENABLE_USER_SCRIPT_SANDBOXING = NO;
				GENERATE_INFOPLIST_FILE = YES;
				INFOPLIST_FILE = RoveTravel/Info.plist;
				INFOPLIST_KEY_UIApplicationSceneManifest_Generation = YES;
				INFOPLIST_KEY_UIApplicationSupportsIndirectInputEvents = YES;
				INFOPLIST_KEY_UISupportedInterfaceOrientations_iPad = "UIInterfaceOrientationPortrait UIInterfaceOrientationPortraitUpsideDown UIInterfaceOrientationLandscapeLeft UIInterfaceOrientationLandscapeRight";
				INFOPLIST_KEY_UISupportedInterfaceOrientations_iPhone = "UIInterfaceOrientationPortrait UIInterfaceOrientationLandscapeLeft UIInterfaceOrientationLandscapeRight";
				LD_RUNPATH_SEARCH_PATHS = (
					"$(inherited)",
					"@executable_path/Frameworks",
				);
				MARKETING_VERSION = 1.0;
				PRODUCT_BUNDLE_IDENTIFIER = com.scook.RoveTravel;
				PRODUCT_NAME = "$(TARGET_NAME)";
				SWIFT_EMIT_LOC_STRINGS = YES;
				SWIFT_VERSION = 5.0;
				TARGETED_DEVICE_FAMILY = "1,2";
			};
			name = Debug;
		};
		EB40A7812BDAD6830049A659 /* Release */ = {
			isa = XCBuildConfiguration;
			buildSettings = {
				ASSETCATALOG_COMPILER_APPICON_NAME = AppIcon;
				ASSETCATALOG_COMPILER_GLOBAL_ACCENT_COLOR_NAME = AccentColor;
				CODE_SIGN_STYLE = Automatic;
				CURRENT_PROJECT_VERSION = 1;
				DEVELOPMENT_ASSET_PATHS = "\"RoveTravel/Preview Content\"";
				DEVELOPMENT_TEAM = 47ARCK7GMK;
				ENABLE_PREVIEWS = YES;
				ENABLE_USER_SCRIPT_SANDBOXING = NO;
				GENERATE_INFOPLIST_FILE = YES;
				INFOPLIST_FILE = RoveTravel/Info.plist;
				INFOPLIST_KEY_UIApplicationSceneManifest_Generation = YES;
				INFOPLIST_KEY_UIApplicationSupportsIndirectInputEvents = YES;
				INFOPLIST_KEY_UISupportedInterfaceOrientations_iPad = "UIInterfaceOrientationPortrait UIInterfaceOrientationPortraitUpsideDown UIInterfaceOrientationLandscapeLeft UIInterfaceOrientationLandscapeRight";
				INFOPLIST_KEY_UISupportedInterfaceOrientations_iPhone = "UIInterfaceOrientationPortrait UIInterfaceOrientationLandscapeLeft UIInterfaceOrientationLandscapeRight";
				LD_RUNPATH_SEARCH_PATHS = (
					"$(inherited)",
					"@executable_path/Frameworks",
				);
				MARKETING_VERSION = 1.0;
				PRODUCT_BUNDLE_IDENTIFIER = com.scook.RoveTravel;
				PRODUCT_NAME = "$(TARGET_NAME)";
				SWIFT_EMIT_LOC_STRINGS = YES;
				SWIFT_VERSION = 5.0;
				TARGETED_DEVICE_FAMILY = "1,2";
			};
			name = Release;
		};
/* End XCBuildConfiguration section */

/* Begin XCConfigurationList section */
		EB1323412BDAF48300E3B901 /* Build configuration list for PBXNativeTarget "RoveTravelUITests" */ = {
			isa = XCConfigurationList;
			buildConfigurations = (
				EB1323422BDAF48300E3B901 /* Debug */,
				EB1323432BDAF48300E3B901 /* Release */,
			);
			defaultConfigurationIsVisible = 0;
			defaultConfigurationName = Release;
		};
		EB1323542BDB024100E3B901 /* Build configuration list for PBXNativeTarget "RoveTravelTests" */ = {
			isa = XCConfigurationList;
			buildConfigurations = (
				EB1323522BDB024100E3B901 /* Debug */,
				EB1323532BDB024100E3B901 /* Release */,
			);
			defaultConfigurationIsVisible = 0;
			defaultConfigurationName = Release;
		};
		EB40A76C2BDAD6820049A659 /* Build configuration list for PBXProject "RoveTravel" */ = {
			isa = XCConfigurationList;
			buildConfigurations = (
				EB40A77D2BDAD6830049A659 /* Debug */,
				EB40A77E2BDAD6830049A659 /* Release */,
			);
			defaultConfigurationIsVisible = 0;
			defaultConfigurationName = Release;
		};
		EB40A77F2BDAD6830049A659 /* Build configuration list for PBXNativeTarget "RoveTravel" */ = {
			isa = XCConfigurationList;
			buildConfigurations = (
				EB40A7802BDAD6830049A659 /* Debug */,
				EB40A7812BDAD6830049A659 /* Release */,
			);
			defaultConfigurationIsVisible = 0;
			defaultConfigurationName = Release;
		};
/* End XCConfigurationList section */
	};
	rootObject = EB40A7692BDAD6820049A659 /* Project object */;
}
